
Microsoft Visual Studio Solution File, Format Version 12.00
# Visual Studio Version 17
VisualStudioVersion = 17.6.33712.159
MinimumVisualStudioVersion = 10.0.40219.1
Project("{9A19103F-16F7-4668-BE54-9A1E7A4F7556}") = "TaskManagerAPI", "TaskManager\TaskManagerAPI.csproj", "{18FB95A4-2E84-4BB3-A639-EAABC81CD297}"
EndProject
Project("{9A19103F-16F7-4668-BE54-9A1E7A4F7556}") = "TaskManagerMAUI", "TaskManagerMAUI\TaskManagerMAUI.csproj", "{7889DBF1-F158-47A9-9A7B-348DD0C98F00}"
EndProject
Project("{FAE04EC0-301F-11D3-BF4B-00C04F79EFBC}") = "TaskManagerWeb", "TaskManagerWeb\TaskManagerWeb.csproj", "{48D1818D-8B76-41F0-82E3-A8777DB9D4BC}"
EndProject
Global
	GlobalSection(SolutionConfigurationPlatforms) = preSolution
		Debug|Any CPU = Debug|Any CPU
		Release|Any CPU = Release|Any CPU
	EndGlobalSection
	GlobalSection(ProjectConfigurationPlatforms) = postSolution
		{18FB95A4-2E84-4BB3-A639-EAABC81CD297}.Debug|Any CPU.ActiveCfg = Debug|Any CPU
		{18FB95A4-2E84-4BB3-A639-EAABC81CD297}.Debug|Any CPU.Build.0 = Debug|Any CPU
		{18FB95A4-2E84-4BB3-A639-EAABC81CD297}.Release|Any CPU.ActiveCfg = Release|Any CPU
		{18FB95A4-2E84-4BB3-A639-EAABC81CD297}.Release|Any CPU.Build.0 = Release|Any CPU
		{7889DBF1-F158-47A9-9A7B-348DD0C98F00}.Debug|Any CPU.ActiveCfg = Debug|Any CPU
		{7889DBF1-F158-47A9-9A7B-348DD0C98F00}.Debug|Any CPU.Build.0 = Debug|Any CPU
		{7889DBF1-F158-47A9-9A7B-348DD0C98F00}.Debug|Any CPU.Deploy.0 = Debug|Any CPU
		{7889DBF1-F158-47A9-9A7B-348DD0C98F00}.Release|Any CPU.ActiveCfg = Release|Any CPU
		{7889DBF1-F158-47A9-9A7B-348DD0C98F00}.Release|Any CPU.Build.0 = Release|Any CPU
		{7889DBF1-F158-47A9-9A7B-348DD0C98F00}.Release|Any CPU.Deploy.0 = Release|Any CPU
		{48D1818D-8B76-41F0-82E3-A8777DB9D4BC}.Debug|Any CPU.ActiveCfg = Debug|Any CPU
		{48D1818D-8B76-41F0-82E3-A8777DB9D4BC}.Debug|Any CPU.Build.0 = Debug|Any CPU
		{48D1818D-8B76-41F0-82E3-A8777DB9D4BC}.Release|Any CPU.ActiveCfg = Release|Any CPU
		{48D1818D-8B76-41F0-82E3-A8777DB9D4BC}.Release|Any CPU.Build.0 = Release|Any CPU
	EndGlobalSection
	GlobalSection(SolutionProperties) = preSolution
		HideSolutionNode = FALSE
	EndGlobalSection
	GlobalSection(ExtensibilityGlobals) = postSolution
		SolutionGuid = {9A648CAC-4B5A-41B8-B617-CFEC3BE18514}
	EndGlobalSection
EndGlobal
